
Microsoft Visual Studio Solution File, Format Version 12.00
# Visual Studio Version 18
VisualStudioVersion = 18.0.0.0
MinimumVisualStudioVersion = 10.0.40219.1
Project("{FAE04EC0-301F-11D3-BF4B-00C04F79EFBC}") = "AiUsageDashboard.Contracts", "src\AiUsageDashboard.Contracts\AiUsageDashboard.Contracts.csproj", "{11111111-1111-1111-1111-111111111111}"
EndProject
Project("{FAE04EC0-301F-11D3-BF4B-00C04F79EFBC}") = "AiUsageDashboard.Core", "src\AiUsageDashboard.Core\AiUsageDashboard.Core.csproj", "{22222222-2222-2222-2222-222222222222}"
EndProject
Project("{FAE04EC0-301F-11D3-BF4B-00C04F79EFBC}") = "AiUsageDashboard.Providers.Mock", "src\AiUsageDashboard.Providers.Mock\AiUsageDashboard.Providers.Mock.csproj", "{33333333-3333-3333-3333-333333333333}"
EndProject
Project("{FAE04EC0-301F-11D3-BF4B-00C04F79EFBC}") = "AiUsageDashboard.Web", "src\AiUsageDashboard.Web\AiUsageDashboard.Web.csproj", "{44444444-4444-4444-4444-444444444444}"
EndProject
Project("{FAE04EC0-301F-11D3-BF4B-00C04F79EFBC}") = "AiUsageDashboard.Core.Tests", "tests\AiUsageDashboard.Core.Tests\AiUsageDashboard.Core.Tests.csproj", "{55555555-5555-5555-5555-555555555555}"
EndProject
Project("{2150E333-8FDC-42A3-9474-1A3956D46DE8}") = "src", "src", "{827E0CD3-B72D-47B6-A68D-7590B98EB39B}"
EndProject
Project("{FAE04EC0-301F-11D3-BF4B-00C04F79EFBC}") = "AiUsageDashboard.Storage", "src\AiUsageDashboard.Storage\AiUsageDashboard.Storage.csproj", "{B8FCCBC5-FBEF-4420-AAA6-7FE37715B7CB}"
EndProject
Project("{FAE04EC0-301F-11D3-BF4B-00C04F79EFBC}") = "AiUsageDashboard.Providers.Gateway", "src\AiUsageDashboard.Providers.Gateway\AiUsageDashboard.Providers.Gateway.csproj", "{B69B1034-E3C9-4CE8-BE2C-04802C17D7EC}"
EndProject
Project("{FAE04EC0-301F-11D3-BF4B-00C04F79EFBC}") = "AiUsageDashboard.Providers.AwsBedrock", "src\AiUsageDashboard.Providers.AwsBedrock\AiUsageDashboard.Providers.AwsBedrock.csproj", "{1694F42B-F988-45C8-9737-7D3DEE5CBBFB}"
EndProject
Project("{FAE04EC0-301F-11D3-BF4B-00C04F79EFBC}") = "AiUsageDashboard.Providers.AzureOpenAI", "src\AiUsageDashboard.Providers.AzureOpenAI\AiUsageDashboard.Providers.AzureOpenAI.csproj", "{760AEBCA-D713-4546-B281-2AF1C3921812}"
EndProject
Project("{FAE04EC0-301F-11D3-BF4B-00C04F79EFBC}") = "AiUsageDashboard.Providers.GoogleVertex", "src\AiUsageDashboard.Providers.GoogleVertex\AiUsageDashboard.Providers.GoogleVertex.csproj", "{259480D3-8A39-4E75-8AD3-7A0B36BD94AF}"
EndProject
Project("{2150E333-8FDC-42A3-9474-1A3956D46DE8}") = "tests", "tests", "{0AB3BF05-4346-4AA6-1389-037BE0695223}"
EndProject
Project("{FAE04EC0-301F-11D3-BF4B-00C04F79EFBC}") = "AiUsageDashboard.Storage.Tests", "tests\AiUsageDashboard.Storage.Tests\AiUsageDashboard.Storage.Tests.csproj", "{DB785661-82FA-4B09-A117-3A12E5467791}"
EndProject
Project("{FAE04EC0-301F-11D3-BF4B-00C04F79EFBC}") = "AiUsageDashboard.Provider.Tests", "tests\AiUsageDashboard.Provider.Tests\AiUsageDashboard.Provider.Tests.csproj", "{E8D17857-4E2E-4144-BFCE-CF572FC92E96}"
EndProject
Project("{FAE04EC0-301F-11D3-BF4B-00C04F79EFBC}") = "AiUsageDashboard.Web.Tests", "tests\AiUsageDashboard.Web.Tests\AiUsageDashboard.Web.Tests.csproj", "{E116917A-DBF3-4715-B4E3-4BB861A2E6FB}"
EndProject
Global
	GlobalSection(SolutionConfigurationPlatforms) = preSolution
		Debug|Any CPU = Debug|Any CPU
		Debug|x64 = Debug|x64
		Debug|x86 = Debug|x86
		Release|Any CPU = Release|Any CPU
		Release|x64 = Release|x64
		Release|x86 = Release|x86
	EndGlobalSection
	GlobalSection(ProjectConfigurationPlatforms) = postSolution
		{11111111-1111-1111-1111-111111111111}.Debug|Any CPU.ActiveCfg = Debug|Any CPU
		{11111111-1111-1111-1111-111111111111}.Debug|Any CPU.Build.0 = Debug|Any CPU
		{11111111-1111-1111-1111-111111111111}.Debug|x64.ActiveCfg = Debug|Any CPU
		{11111111-1111-1111-1111-111111111111}.Debug|x64.Build.0 = Debug|Any CPU
		{11111111-1111-1111-1111-111111111111}.Debug|x86.ActiveCfg = Debug|Any CPU
		{11111111-1111-1111-1111-111111111111}.Debug|x86.Build.0 = Debug|Any CPU
		{11111111-1111-1111-1111-111111111111}.Release|Any CPU.ActiveCfg = Release|Any CPU
		{11111111-1111-1111-1111-111111111111}.Release|Any CPU.Build.0 = Release|Any CPU
		{11111111-1111-1111-1111-111111111111}.Release|x64.ActiveCfg = Release|Any CPU
		{11111111-1111-1111-1111-111111111111}.Release|x64.Build.0 = Release|Any CPU
		{11111111-1111-1111-1111-111111111111}.Release|x86.ActiveCfg = Release|Any CPU
		{11111111-1111-1111-1111-111111111111}.Release|x86.Build.0 = Release|Any CPU
		{22222222-2222-2222-2222-222222222222}.Debug|Any CPU.ActiveCfg = Debug|Any CPU
		{22222222-2222-2222-2222-222222222222}.Debug|Any CPU.Build.0 = Debug|Any CPU
		{22222222-2222-2222-2222-222222222222}.Debug|x64.ActiveCfg = Debug|Any CPU
		{22222222-2222-2222-2222-222222222222}.Debug|x64.Build.0 = Debug|Any CPU
		{22222222-2222-2222-2222-222222222222}.Debug|x86.ActiveCfg = Debug|Any CPU
		{22222222-2222-2222-2222-222222222222}.Debug|x86.Build.0 = Debug|Any CPU
		{22222222-2222-2222-2222-222222222222}.Release|Any CPU.ActiveCfg = Release|Any CPU
		{22222222-2222-2222-2222-222222222222}.Release|Any CPU.Build.0 = Release|Any CPU
		{22222222-2222-2222-2222-222222222222}.Release|x64.ActiveCfg = Release|Any CPU
		{22222222-2222-2222-2222-222222222222}.Release|x64.Build.0 = Release|Any CPU
		{22222222-2222-2222-2222-222222222222}.Release|x86.ActiveCfg = Release|Any CPU
		{22222222-2222-2222-2222-222222222222}.Release|x86.Build.0 = Release|Any CPU
		{33333333-3333-3333-3333-333333333333}.Debug|Any CPU.ActiveCfg = Debug|Any CPU
		{33333333-3333-3333-3333-333333333333}.Debug|Any CPU.Build.0 = Debug|Any CPU
		{33333333-3333-3333-3333-333333333333}.Debug|x64.ActiveCfg = Debug|Any CPU
		{33333333-3333-3333-3333-333333333333}.Debug|x64.Build.0 = Debug|Any CPU
		{33333333-3333-3333-3333-333333333333}.Debug|x86.ActiveCfg = Debug|Any CPU
		{33333333-3333-3333-3333-333333333333}.Debug|x86.Build.0 = Debug|Any CPU
		{33333333-3333-3333-3333-333333333333}.Release|Any CPU.ActiveCfg = Release|Any CPU
		{33333333-3333-3333-3333-333333333333}.Release|Any CPU.Build.0 = Release|Any CPU
		{33333333-3333-3333-3333-333333333333}.Release|x64.ActiveCfg = Release|Any CPU
		{33333333-3333-3333-3333-333333333333}.Release|x64.Build.0 = Release|Any CPU
		{33333333-3333-3333-3333-333333333333}.Release|x86.ActiveCfg = Release|Any CPU
		{33333333-3333-3333-3333-333333333333}.Release|x86.Build.0 = Release|Any CPU
		{44444444-4444-4444-4444-444444444444}.Debug|Any CPU.ActiveCfg = Debug|Any CPU
		{44444444-4444-4444-4444-444444444444}.Debug|Any CPU.Build.0 = Debug|Any CPU
		{44444444-4444-4444-4444-444444444444}.Debug|x64.ActiveCfg = Debug|Any CPU
		{44444444-4444-4444-4444-444444444444}.Debug|x64.Build.0 = Debug|Any CPU
		{44444444-4444-4444-4444-444444444444}.Debug|x86.ActiveCfg = Debug|Any CPU
		{44444444-4444-4444-4444-444444444444}.Debug|x86.Build.0 = Debug|Any CPU
		{44444444-4444-4444-4444-444444444444}.Release|Any CPU.ActiveCfg = Release|Any CPU
		{44444444-4444-4444-4444-444444444444}.Release|Any CPU.Build.0 = Release|Any CPU
		{44444444-4444-4444-4444-444444444444}.Release|x64.ActiveCfg = Release|Any CPU
		{44444444-4444-4444-4444-444444444444}.Release|x64.Build.0 = Release|Any CPU
		{44444444-4444-4444-4444-444444444444}.Release|x86.ActiveCfg = Release|Any CPU
		{44444444-4444-4444-4444-444444444444}.Release|x86.Build.0 = Release|Any CPU
		{55555555-5555-5555-5555-555555555555}.Debug|Any CPU.ActiveCfg = Debug|Any CPU
		{55555555-5555-5555-5555-555555555555}.Debug|Any CPU.Build.0 = Debug|Any CPU
		{55555555-5555-5555-5555-555555555555}.Debug|x64.ActiveCfg = Debug|Any CPU
		{55555555-5555-5555-5555-555555555555}.Debug|x64.Build.0 = Debug|Any CPU
		{55555555-5555-5555-5555-555555555555}.Debug|x86.ActiveCfg = Debug|Any CPU
		{55555555-5555-5555-5555-555555555555}.Debug|x86.Build.0 = Debug|Any CPU
		{55555555-5555-5555-5555-555555555555}.Release|Any CPU.ActiveCfg = Release|Any CPU
		{55555555-5555-5555-5555-555555555555}.Release|Any CPU.Build.0 = Release|Any CPU
		{55555555-5555-5555-5555-555555555555}.Release|x64.ActiveCfg = Release|Any CPU
		{55555555-5555-5555-5555-555555555555}.Release|x64.Build.0 = Release|Any CPU
		{55555555-5555-5555-5555-555555555555}.Release|x86.ActiveCfg = Release|Any CPU
		{55555555-5555-5555-5555-555555555555}.Release|x86.Build.0 = Release|Any CPU
		{B8FCCBC5-FBEF-4420-AAA6-7FE37715B7CB}.Debug|Any CPU.ActiveCfg = Debug|Any CPU
		{B8FCCBC5-FBEF-4420-AAA6-7FE37715B7CB}.Debug|Any CPU.Build.0 = Debug|Any CPU
		{B8FCCBC5-FBEF-4420-AAA6-7FE37715B7CB}.Debug|x64.ActiveCfg = Debug|Any CPU
		{B8FCCBC5-FBEF-4420-AAA6-7FE37715B7CB}.Debug|x64.Build.0 = Debug|Any CPU
		{B8FCCBC5-FBEF-4420-AAA6-7FE37715B7CB}.Debug|x86.ActiveCfg = Debug|Any CPU
		{B8FCCBC5-FBEF-4420-AAA6-7FE37715B7CB}.Debug|x86.Build.0 = Debug|Any CPU
		{B8FCCBC5-FBEF-4420-AAA6-7FE37715B7CB}.Release|Any CPU.ActiveCfg = Release|Any CPU
		{B8FCCBC5-FBEF-4420-AAA6-7FE37715B7CB}.Release|Any CPU.Build.0 = Release|Any CPU
		{B8FCCBC5-FBEF-4420-AAA6-7FE37715B7CB}.Release|x64.ActiveCfg = Release|Any CPU
		{B8FCCBC5-FBEF-4420-AAA6-7FE37715B7CB}.Release|x64.Build.0 = Release|Any CPU
		{B8FCCBC5-FBEF-4420-AAA6-7FE37715B7CB}.Release|x86.ActiveCfg = Release|Any CPU
		{B8FCCBC5-FBEF-4420-AAA6-7FE37715B7CB}.Release|x86.Build.0 = Release|Any CPU
		{B69B1034-E3C9-4CE8-BE2C-04802C17D7EC}.Debug|Any CPU.ActiveCfg = Debug|Any CPU
		{B69B1034-E3C9-4CE8-BE2C-04802C17D7EC}.Debug|Any CPU.Build.0 = Debug|Any CPU
		{B69B1034-E3C9-4CE8-BE2C-04802C17D7EC}.Debug|x64.ActiveCfg = Debug|Any CPU
		{B69B1034-E3C9-4CE8-BE2C-04802C17D7EC}.Debug|x64.Build.0 = Debug|Any CPU
		{B69B1034-E3C9-4CE8-BE2C-04802C17D7EC}.Debug|x86.ActiveCfg = Debug|Any CPU
		{B69B1034-E3C9-4CE8-BE2C-04802C17D7EC}.Debug|x86.Build.0 = Debug|Any CPU
		{B69B1034-E3C9-4CE8-BE2C-04802C17D7EC}.Release|Any CPU.ActiveCfg = Release|Any CPU
		{B69B1034-E3C9-4CE8-BE2C-04802C17D7EC}.Release|Any CPU.Build.0 = Release|Any CPU
		{B69B1034-E3C9-4CE8-BE2C-04802C17D7EC}.Release|x64.ActiveCfg = Release|Any CPU
		{B69B1034-E3C9-4CE8-BE2C-04802C17D7EC}.Release|x64.Build.0 = Release|Any CPU
		{B69B1034-E3C9-4CE8-BE2C-04802C17D7EC}.Release|x86.ActiveCfg = Release|Any CPU
		{B69B1034-E3C9-4CE8-BE2C-04802C17D7EC}.Release|x86.Build.0 = Release|Any CPU
		{1694F42B-F988-45C8-9737-7D3DEE5CBBFB}.Debug|Any CPU.ActiveCfg = Debug|Any CPU
		{1694F42B-F988-45C8-9737-7D3DEE5CBBFB}.Debug|Any CPU.Build.0 = Debug|Any CPU
		{1694F42B-F988-45C8-9737-7D3DEE5CBBFB}.Debug|x64.ActiveCfg = Debug|Any CPU
		{1694F42B-F988-45C8-9737-7D3DEE5CBBFB}.Debug|x64.Build.0 = Debug|Any CPU
		{1694F42B-F988-45C8-9737-7D3DEE5CBBFB}.Debug|x86.ActiveCfg = Debug|Any CPU
		{1694F42B-F988-45C8-9737-7D3DEE5CBBFB}.Debug|x86.Build.0 = Debug|Any CPU
		{1694F42B-F988-45C8-9737-7D3DEE5CBBFB}.Release|Any CPU.ActiveCfg = Release|Any CPU
		{1694F42B-F988-45C8-9737-7D3DEE5CBBFB}.Release|Any CPU.Build.0 = Release|Any CPU
		{1694F42B-F988-45C8-9737-7D3DEE5CBBFB}.Release|x64.ActiveCfg = Release|Any CPU
		{1694F42B-F988-45C8-9737-7D3DEE5CBBFB}.Release|x64.Build.0 = Release|Any CPU
		{1694F42B-F988-45C8-9737-7D3DEE5CBBFB}.Release|x86.ActiveCfg = Release|Any CPU
		{1694F42B-F988-45C8-9737-7D3DEE5CBBFB}.Release|x86.Build.0 = Release|Any CPU
		{760AEBCA-D713-4546-B281-2AF1C3921812}.Debug|Any CPU.ActiveCfg = Debug|Any CPU
		{760AEBCA-D713-4546-B281-2AF1C3921812}.Debug|Any CPU.Build.0 = Debug|Any CPU
		{760AEBCA-D713-4546-B281-2AF1C3921812}.Debug|x64.ActiveCfg = Debug|Any CPU
		{760AEBCA-D713-4546-B281-2AF1C3921812}.Debug|x64.Build.0 = Debug|Any CPU
		{760AEBCA-D713-4546-B281-2AF1C3921812}.Debug|x86.ActiveCfg = Debug|Any CPU
		{760AEBCA-D713-4546-B281-2AF1C3921812}.Debug|x86.Build.0 = Debug|Any CPU
		{760AEBCA-D713-4546-B281-2AF1C3921812}.Release|Any CPU.ActiveCfg = Release|Any CPU
		{760AEBCA-D713-4546-B281-2AF1C3921812}.Release|Any CPU.Build.0 = Release|Any CPU
		{760AEBCA-D713-4546-B281-2AF1C3921812}.Release|x64.ActiveCfg = Release|Any CPU
		{760AEBCA-D713-4546-B281-2AF1C3921812}.Release|x64.Build.0 = Release|Any CPU
		{760AEBCA-D713-4546-B281-2AF1C3921812}.Release|x86.ActiveCfg = Release|Any CPU
		{760AEBCA-D713-4546-B281-2AF1C3921812}.Release|x86.Build.0 = Release|Any CPU
		{259480D3-8A39-4E75-8AD3-7A0B36BD94AF}.Debug|Any CPU.ActiveCfg = Debug|Any CPU
		{259480D3-8A39-4E75-8AD3-7A0B36BD94AF}.Debug|Any CPU.Build.0 = Debug|Any CPU
		{259480D3-8A39-4E75-8AD3-7A0B36BD94AF}.Debug|x64.ActiveCfg = Debug|Any CPU
		{259480D3-8A39-4E75-8AD3-7A0B36BD94AF}.Debug|x64.Build.0 = Debug|Any CPU
		{259480D3-8A39-4E75-8AD3-7A0B36BD94AF}.Debug|x86.ActiveCfg = Debug|Any CPU
		{259480D3-8A39-4E75-8AD3-7A0B36BD94AF}.Debug|x86.Build.0 = Debug|Any CPU
		{259480D3-8A39-4E75-8AD3-7A0B36BD94AF}.Release|Any CPU.ActiveCfg = Release|Any CPU
		{259480D3-8A39-4E75-8AD3-7A0B36BD94AF}.Release|Any CPU.Build.0 = Release|Any CPU
		{259480D3-8A39-4E75-8AD3-7A0B36BD94AF}.Release|x64.ActiveCfg = Release|Any CPU
		{259480D3-8A39-4E75-8AD3-7A0B36BD94AF}.Release|x64.Build.0 = Release|Any CPU
		{259480D3-8A39-4E75-8AD3-7A0B36BD94AF}.Release|x86.ActiveCfg = Release|Any CPU
		{259480D3-8A39-4E75-8AD3-7A0B36BD94AF}.Release|x86.Build.0 = Release|Any CPU
		{DB785661-82FA-4B09-A117-3A12E5467791}.Debug|Any CPU.ActiveCfg = Debug|Any CPU
		{DB785661-82FA-4B09-A117-3A12E5467791}.Debug|Any CPU.Build.0 = Debug|Any CPU
		{DB785661-82FA-4B09-A117-3A12E5467791}.Debug|x64.ActiveCfg = Debug|Any CPU
		{DB785661-82FA-4B09-A117-3A12E5467791}.Debug|x64.Build.0 = Debug|Any CPU
		{DB785661-82FA-4B09-A117-3A12E5467791}.Debug|x86.ActiveCfg = Debug|Any CPU
		{DB785661-82FA-4B09-A117-3A12E5467791}.Debug|x86.Build.0 = Debug|Any CPU
		{DB785661-82FA-4B09-A117-3A12E5467791}.Release|Any CPU.ActiveCfg = Release|Any CPU
		{DB785661-82FA-4B09-A117-3A12E5467791}.Release|Any CPU.Build.0 = Release|Any CPU
		{DB785661-82FA-4B09-A117-3A12E5467791}.Release|x64.ActiveCfg = Release|Any CPU
		{DB785661-82FA-4B09-A117-3A12E5467791}.Release|x64.Build.0 = Release|Any CPU
		{DB785661-82FA-4B09-A117-3A12E5467791}.Release|x86.ActiveCfg = Release|Any CPU
		{DB785661-82FA-4B09-A117-3A12E5467791}.Release|x86.Build.0 = Release|Any CPU
		{E8D17857-4E2E-4144-BFCE-CF572FC92E96}.Debug|Any CPU.ActiveCfg = Debug|Any CPU
		{E8D17857-4E2E-4144-BFCE-CF572FC92E96}.Debug|Any CPU.Build.0 = Debug|Any CPU
		{E8D17857-4E2E-4144-BFCE-CF572FC92E96}.Debug|x64.ActiveCfg = Debug|Any CPU
		{E8D17857-4E2E-4144-BFCE-CF572FC92E96}.Debug|x64.Build.0 = Debug|Any CPU
		{E8D17857-4E2E-4144-BFCE-CF572FC92E96}.Debug|x86.ActiveCfg = Debug|Any CPU
		{E8D17857-4E2E-4144-BFCE-CF572FC92E96}.Debug|x86.Build.0 = Debug|Any CPU
		{E8D17857-4E2E-4144-BFCE-CF572FC92E96}.Release|Any CPU.ActiveCfg = Release|Any CPU
		{E8D17857-4E2E-4144-BFCE-CF572FC92E96}.Release|Any CPU.Build.0 = Release|Any CPU
		{E8D17857-4E2E-4144-BFCE-CF572FC92E96}.Release|x64.ActiveCfg = Release|Any CPU
		{E8D17857-4E2E-4144-BFCE-CF572FC92E96}.Release|x64.Build.0 = Release|Any CPU
		{E8D17857-4E2E-4144-BFCE-CF572FC92E96}.Release|x86.ActiveCfg = Release|Any CPU
		{E8D17857-4E2E-4144-BFCE-CF572FC92E96}.Release|x86.Build.0 = Release|Any CPU
		{E116917A-DBF3-4715-B4E3-4BB861A2E6FB}.Debug|Any CPU.ActiveCfg = Debug|Any CPU
		{E116917A-DBF3-4715-B4E3-4BB861A2E6FB}.Debug|Any CPU.Build.0 = Debug|Any CPU
		{E116917A-DBF3-4715-B4E3-4BB861A2E6FB}.Debug|x64.ActiveCfg = Debug|Any CPU
		{E116917A-DBF3-4715-B4E3-4BB861A2E6FB}.Debug|x64.Build.0 = Debug|Any CPU
		{E116917A-DBF3-4715-B4E3-4BB861A2E6FB}.Debug|x86.ActiveCfg = Debug|Any CPU
		{E116917A-DBF3-4715-B4E3-4BB861A2E6FB}.Debug|x86.Build.0 = Debug|Any CPU
		{E116917A-DBF3-4715-B4E3-4BB861A2E6FB}.Release|Any CPU.ActiveCfg = Release|Any CPU
		{E116917A-DBF3-4715-B4E3-4BB861A2E6FB}.Release|Any CPU.Build.0 = Release|Any CPU
		{E116917A-DBF3-4715-B4E3-4BB861A2E6FB}.Release|x64.ActiveCfg = Release|Any CPU
		{E116917A-DBF3-4715-B4E3-4BB861A2E6FB}.Release|x64.Build.0 = Release|Any CPU
		{E116917A-DBF3-4715-B4E3-4BB861A2E6FB}.Release|x86.ActiveCfg = Release|Any CPU
		{E116917A-DBF3-4715-B4E3-4BB861A2E6FB}.Release|x86.Build.0 = Release|Any CPU
	EndGlobalSection
	GlobalSection(SolutionProperties) = preSolution
		HideSolutionNode = FALSE
	EndGlobalSection
	GlobalSection(NestedProjects) = preSolution
		{B8FCCBC5-FBEF-4420-AAA6-7FE37715B7CB} = {827E0CD3-B72D-47B6-A68D-7590B98EB39B}
		{B69B1034-E3C9-4CE8-BE2C-04802C17D7EC} = {827E0CD3-B72D-47B6-A68D-7590B98EB39B}
		{1694F42B-F988-45C8-9737-7D3DEE5CBBFB} = {827E0CD3-B72D-47B6-A68D-7590B98EB39B}
		{760AEBCA-D713-4546-B281-2AF1C3921812} = {827E0CD3-B72D-47B6-A68D-7590B98EB39B}
		{259480D3-8A39-4E75-8AD3-7A0B36BD94AF} = {827E0CD3-B72D-47B6-A68D-7590B98EB39B}
		{DB785661-82FA-4B09-A117-3A12E5467791} = {0AB3BF05-4346-4AA6-1389-037BE0695223}
		{E8D17857-4E2E-4144-BFCE-CF572FC92E96} = {0AB3BF05-4346-4AA6-1389-037BE0695223}
		{E116917A-DBF3-4715-B4E3-4BB861A2E6FB} = {0AB3BF05-4346-4AA6-1389-037BE0695223}
	EndGlobalSection
EndGlobal
